{
  "version": 4,
  "terraform_version": "1.4.6",
  "serial": 106,
  "lineage": "0805ddd4-f71b-eea8-cb8a-5c9d1422a422",
  "outputs": {
    "ips": {
      "value": [
        [
          "192.168.122.165",
          "fe80::5054:ff:fed2:5a3e"
        ]
      ],
      "type": [
        "tuple",
        [
          [
            "list",
            "string"
          ]
        ]
      ]
    }
  },
  "resources": [
    {
      "mode": "data",
      "type": "template_file",
      "name": "network_config",
      "provider": "provider[\"registry.terraform.io/hashicorp/template\"]",
      "instances": [
        {
          "schema_version": 0,
          "attributes": {
            "filename": null,
            "id": "bab5ced171f7c6bc719691e20e79e3e2b135f9ca6bb9a5014e9aaec3011806a8",
            "rendered": "version: 2\nethernets:\n  ens3:\n     dhcp4: true\n",
            "template": "version: 2\nethernets:\n  ens3:\n     dhcp4: true\n",
            "vars": null
          },
          "sensitive_attributes": []
        }
      ]
    },
    {
      "mode": "data",
      "type": "template_file",
      "name": "user_data",
      "provider": "provider[\"registry.terraform.io/hashicorp/template\"]",
      "instances": [
        {
          "schema_version": 0,
          "attributes": {
            "filename": null,
            "id": "f4833be98d8b3c3c4f9fa4ea46e1e3510af23e86f70d597556d4e2416b848d6d",
            "rendered": "#cloud-config\nhostname: simple\nfqdn: simple.example.com\nmanage_etc_hosts: true\nusers:\n  - name: arch\n    sudo: ALL=(ALL) NOPASSWD:ALL\n    groups: users, admin\n    home: /home/arch\n    shell: /bin/bash\n    lock_passwd: false\n    ssh-authorized-keys:\n      - ssh-rsa AAAAB3NzaC1yc2EAAAADAQABAAACAQCq60uFDQ8rwFhMyaQf2qj74SDye7JcSQyqWEDchnUMFyFGWgKPmD2Ti0Au4fjQrVGpKSbUWgfuMXyiXos0thTpibCGwDgrHAqzSKQxltt65vKRdXfPckbIe1/4hHf8FVJaSNDeF4x7vhj1ez7acEX/h8ZawpHYahY/qHq6QbPvJ2AQOjD01W/JTGLpp3Xc4FLPV7/Z4VzRBD1t4qGQV2ycO9cxH7AsKakv2wfEdjnKrpq2Q+sqFOCNPzxksScP57nDYkMeAorkoJ+CINmK1rgm43DULvUG4/0ZAVItOjrLJrZTUjP3KheYgvv1bRx2NR0OPnFLEUFxVUa20rkW5Dy1QAlglo+CSqCdaXqJhTffyBHgYkJLz6QAPCWRhXqSnKGkAbu7nAguwcC9BOyE5U0x+DPGACagDlZDUKW57HUPX8uVQW5QbYaRfVcYcW+GyJwr7ZtMfxVsZL7TNVleVLOBnkdWfluBGAwkbpJ/Wz6GFIfOSeupPcUhCpqDaNZ3loAWgsa0Ctj09BUsSIpcJ8MetgkPVmVLgHXhB8d9H4sg/jK2vjbH8bBWRWIzub1FNl4oxc5U9WhLfIXiSptqYRYT/ExIxy0JJnJGxdxw4zCCGqnbTnYhng63jqh5QwAR7/cYonj5yiyZVUoBINd59rDM1exZmdOIauWteLnCLIVHdQ== simple\n\n# only cert auth via ssh (console access can still login)\nssh_pwauth: false\ndisable_root: false\nchpasswd:\n  list: |\n     arch:linux\n  expire: False\npackages:\n  - qemu-guest-agent\n\n# test of writing content\nwrite_files:\n  - content: |\n      The quick brown fox jumped\n      over the lazy dog\n    path: /root/test.txt\n\n# written to /var/log/cloud-init-output.log\nfinal_message: \"The system is finally up, after $UPTIME seconds\"\n\n",
            "template": "#cloud-config\nhostname: ${hostname}\nfqdn: ${fqdn}\nmanage_etc_hosts: true\nusers:\n  - name: arch\n    sudo: ALL=(ALL) NOPASSWD:ALL\n    groups: users, admin\n    home: /home/arch\n    shell: /bin/bash\n    lock_passwd: false\n    ssh-authorized-keys:\n      - ${file(\"id_rsa.pub\")}\n# only cert auth via ssh (console access can still login)\nssh_pwauth: false\ndisable_root: false\nchpasswd:\n  list: |\n     arch:linux\n  expire: False\npackages:\n  - qemu-guest-agent\n\n# test of writing content\nwrite_files:\n  - content: |\n      The quick brown fox jumped\n      over the lazy dog\n    path: /root/test.txt\n\n# written to /var/log/cloud-init-output.log\nfinal_message: \"The system is finally up, after $UPTIME seconds\"\n\n",
            "vars": {
              "fqdn": "simple.example.com",
              "hostname": "simple"
            }
          },
          "sensitive_attributes": []
        }
      ]
    },
    {
      "mode": "managed",
      "type": "libvirt_cloudinit_disk",
      "name": "commoninit",
      "provider": "provider[\"registry.terraform.io/dmacvicar/libvirt\"]",
      "instances": [
        {
          "schema_version": 0,
          "attributes": {
            "id": "/var/lib/libvirt/images/simple-commoninit.iso;523d3d30-21fe-41b4-8385-7d30f8871f4e",
            "meta_data": "",
            "name": "simple-commoninit.iso",
            "network_config": "version: 2\nethernets:\n  ens3:\n     dhcp4: true\n",
            "pool": "default",
            "user_data": "#cloud-config\nhostname: simple\nfqdn: simple.example.com\nmanage_etc_hosts: true\nusers:\n  - name: arch\n    sudo: ALL=(ALL) NOPASSWD:ALL\n    groups: users, admin\n    home: /home/arch\n    shell: /bin/bash\n    lock_passwd: false\n    ssh-authorized-keys:\n      - ssh-rsa AAAAB3NzaC1yc2EAAAADAQABAAACAQCq60uFDQ8rwFhMyaQf2qj74SDye7JcSQyqWEDchnUMFyFGWgKPmD2Ti0Au4fjQrVGpKSbUWgfuMXyiXos0thTpibCGwDgrHAqzSKQxltt65vKRdXfPckbIe1/4hHf8FVJaSNDeF4x7vhj1ez7acEX/h8ZawpHYahY/qHq6QbPvJ2AQOjD01W/JTGLpp3Xc4FLPV7/Z4VzRBD1t4qGQV2ycO9cxH7AsKakv2wfEdjnKrpq2Q+sqFOCNPzxksScP57nDYkMeAorkoJ+CINmK1rgm43DULvUG4/0ZAVItOjrLJrZTUjP3KheYgvv1bRx2NR0OPnFLEUFxVUa20rkW5Dy1QAlglo+CSqCdaXqJhTffyBHgYkJLz6QAPCWRhXqSnKGkAbu7nAguwcC9BOyE5U0x+DPGACagDlZDUKW57HUPX8uVQW5QbYaRfVcYcW+GyJwr7ZtMfxVsZL7TNVleVLOBnkdWfluBGAwkbpJ/Wz6GFIfOSeupPcUhCpqDaNZ3loAWgsa0Ctj09BUsSIpcJ8MetgkPVmVLgHXhB8d9H4sg/jK2vjbH8bBWRWIzub1FNl4oxc5U9WhLfIXiSptqYRYT/ExIxy0JJnJGxdxw4zCCGqnbTnYhng63jqh5QwAR7/cYonj5yiyZVUoBINd59rDM1exZmdOIauWteLnCLIVHdQ== simple\n\n# only cert auth via ssh (console access can still login)\nssh_pwauth: false\ndisable_root: false\nchpasswd:\n  list: |\n     arch:linux\n  expire: False\npackages:\n  - qemu-guest-agent\n\n# test of writing content\nwrite_files:\n  - content: |\n      The quick brown fox jumped\n      over the lazy dog\n    path: /root/test.txt\n\n# written to /var/log/cloud-init-output.log\nfinal_message: \"The system is finally up, after $UPTIME seconds\"\n\n"
          },
          "sensitive_attributes": [],
          "private": "bnVsbA==",
          "dependencies": [
            "data.template_file.network_config",
            "data.template_file.user_data"
          ]
        }
      ]
    },
    {
      "mode": "managed",
      "type": "libvirt_domain",
      "name": "domain-ubuntu",
      "provider": "provider[\"registry.terraform.io/dmacvicar/libvirt\"]",
      "instances": [
        {
          "schema_version": 0,
          "attributes": {
            "arch": "x86_64",
            "autostart": true,
            "boot_device": [],
            "cloudinit": "/var/lib/libvirt/images/simple-commoninit.iso;523d3d30-21fe-41b4-8385-7d30f8871f4e",
            "cmdline": null,
            "console": [
              {
                "source_host": "127.0.0.1",
                "source_path": "",
                "source_service": "0",
                "target_port": "0",
                "target_type": "serial",
                "type": "pty"
              }
            ],
            "coreos_ignition": null,
            "cpu": [],
            "description": "",
            "disk": [
              {
                "block_device": "",
                "file": "",
                "scsi": false,
                "url": "",
                "volume_id": "/var/lib/libvirt/images/simple-os_image.qcow2",
                "wwn": ""
              }
            ],
            "emulator": "/usr/bin/qemu-system-x86_64",
            "filesystem": [],
            "firmware": "",
            "fw_cfg_name": "opt/com.coreos/config",
            "graphics": [
              {
                "autoport": true,
                "listen_address": "127.0.0.1",
                "listen_type": "address",
                "type": "spice",
                "websocket": 0
              }
            ],
            "id": "ddc146fe-ba65-4af9-bd74-94f39fd612c8",
            "initrd": "",
            "kernel": "",
            "machine": "pc",
            "memory": 1024,
            "metadata": null,
            "name": "simple",
            "network_interface": [
              {
                "addresses": [
                  "192.168.122.165",
                  "fe80::5054:ff:fed2:5a3e"
                ],
                "bridge": "",
                "hostname": "",
                "mac": "52:54:00:D2:5A:3E",
                "macvtap": "",
                "network_id": "01c97453-78ea-448e-935a-357587fe3557",
                "network_name": "default",
                "passthrough": "",
                "vepa": "",
                "wait_for_lease": true
              }
            ],
            "nvram": [],
            "qemu_agent": true,
            "running": true,
            "timeouts": null,
            "tpm": [],
            "vcpu": 1,
            "video": [],
            "xml": []
          },
          "sensitive_attributes": [],
          "private": "eyJlMmJmYjczMC1lY2FhLTExZTYtOGY4OC0zNDM2M2JjN2M0YzAiOnsiY3JlYXRlIjozMDAwMDAwMDAwMDB9fQ==",
          "dependencies": [
            "data.template_file.network_config",
            "data.template_file.user_data",
            "libvirt_cloudinit_disk.commoninit",
            "libvirt_volume.base_image",
            "libvirt_volume.os_image"
          ]
        }
      ]
    },
    {
      "mode": "managed",
      "type": "libvirt_volume",
      "name": "base_image",
      "provider": "provider[\"registry.terraform.io/dmacvicar/libvirt\"]",
      "instances": [
        {
          "schema_version": 0,
          "attributes": {
            "base_volume_id": null,
            "base_volume_name": null,
            "base_volume_pool": null,
            "format": "qcow2",
            "id": "/var/lib/libvirt/images/simple-base_image.qcow2",
            "name": "simple-base_image.qcow2",
            "pool": "default",
            "size": 2147483648,
            "source": "/home/lo/iso/Arch-Linux-x86_64-cloudimg.qcow2",
            "xml": []
          },
          "sensitive_attributes": [],
          "private": "bnVsbA=="
        }
      ]
    },
    {
      "mode": "managed",
      "type": "libvirt_volume",
      "name": "os_image",
      "provider": "provider[\"registry.terraform.io/dmacvicar/libvirt\"]",
      "instances": [
        {
          "schema_version": 0,
          "attributes": {
            "base_volume_id": "/var/lib/libvirt/images/simple-base_image.qcow2",
            "base_volume_name": null,
            "base_volume_pool": null,
            "format": "qcow2",
            "id": "/var/lib/libvirt/images/simple-os_image.qcow2",
            "name": "simple-os_image.qcow2",
            "pool": "default",
            "size": 21474836480,
            "source": null,
            "xml": []
          },
          "sensitive_attributes": [],
          "private": "bnVsbA==",
          "dependencies": [
            "libvirt_volume.base_image"
          ]
        }
      ]
    },
    {
      "mode": "managed",
      "type": "local_file",
      "name": "inventory",
      "provider": "provider[\"registry.terraform.io/hashicorp/local\"]",
      "instances": [
        {
          "schema_version": 0,
          "attributes": {
            "content": "[all]\n192.168.122.165 ansible_ssh_user=arch ansible_ssh_private_key_file=./id_rsa\n",
            "content_base64": null,
            "content_base64sha256": "GmCdL1uzCl5WY5O5n4erLP1oeTBwmFLWs7qkeMYb0Vk=",
            "content_base64sha512": "y3SJ+DDJqP7ipGh/RNHnwfi7pHXXfcRb2H57U4pzfKm060qf+TU9RfW90cezORKNu4Q/vXaQMZtnftSfXQs2ww==",
            "content_md5": "113008e6d4f525e8d27de0eef549dcd3",
            "content_sha1": "9925aa7a0e0ffbe1b980816177fc0440b8031bb6",
            "content_sha256": "1a609d2f5bb30a5e566393b99f87ab2cfd687930709852d6b3baa478c61bd159",
            "content_sha512": "cb7489f830c9a8fee2a4687f44d1e7c1f8bba475d77dc45bd87e7b538a737ca9b4eb4a9ff9353d45f5bdd1c7b339128dbb843fbd7690319b677ed49f5d0b36c3",
            "directory_permission": "0777",
            "file_permission": "0644",
            "filename": "./inventory/hosts.ini",
            "id": "9925aa7a0e0ffbe1b980816177fc0440b8031bb6",
            "sensitive_content": null,
            "source": null
          },
          "sensitive_attributes": [],
          "dependencies": [
            "data.template_file.network_config",
            "data.template_file.user_data",
            "libvirt_cloudinit_disk.commoninit",
            "libvirt_domain.domain-ubuntu",
            "libvirt_volume.base_image",
            "libvirt_volume.os_image"
          ]
        }
      ]
    }
  ],
  "check_results": null
}
